# THIS IS AN AUTOGENERATED FILE. DO NOT EDIT THIS FILE DIRECTLY.
# yarn lockfile v1


"@csstools/cascade-layer-name-parser@^1.0.0":
  version "1.0.1"
  resolved "https://registry.yarnpkg.com/@csstools/cascade-layer-name-parser/-/cascade-layer-name-parser-1.0.1.tgz#5957adeb71be8159e543d37a9c48e124dcd6c32e"
  integrity sha512-SAAi5DpgJJWkfTvWSaqkgyIsTawa83hMwKrktkj6ra2h+q6ZN57vOGZ6ySHq6RSo+CbP64fA3aPChPBRDDUgtw==

"@csstools/color-helpers@^1.0.0":
  version "1.0.0"
  resolved "https://registry.yarnpkg.com/@csstools/color-helpers/-/color-helpers-1.0.0.tgz#7097722a51da1e9e622345ca000261f1ae6e8f58"
  integrity sha512-tgqtiV8sU/VaWYjOB3O7PWs7HR/MmOLl2kTYRW2qSsTSEniJq7xmyAYFB1LPpXvvQcE5u2ih2dK9fyc8BnrAGQ==

"@csstools/css-parser-algorithms@^2.0.0":
  version "2.0.1"
  resolved "https://registry.yarnpkg.com/@csstools/css-parser-algorithms/-/css-parser-algorithms-2.0.1.tgz#ff02629c7c95d1f4f8ea84d5ef1173461610535e"
  integrity sha512-B9/8PmOtU6nBiibJg0glnNktQDZ3rZnGn/7UmDfrm2vMtrdlXO3p7ErE95N0up80IRk9YEtB5jyj/TmQ1WH3dw==

"@csstools/css-tokenizer@^2.0.0":
  version "2.0.2"
  resolved "https://registry.yarnpkg.com/@csstools/css-tokenizer/-/css-tokenizer-2.0.2.tgz#3635560ffc8f1994295d7ce3482e14f956d3f9e1"
  integrity sha512-prUTipz0NZH7Lc5wyBUy93NFy3QYDMVEQgSeZzNdpMbKRd6V2bgRFyJ+O0S0Dw0MXWuE/H9WXlJk3kzMZRHZ/g==

"@csstools/media-query-list-parser@^2.0.0":
  version "2.0.1"
  resolved "https://registry.yarnpkg.com/@csstools/media-query-list-parser/-/media-query-list-parser-2.0.1.tgz#d85a366811563a5d002755ed10e5212a1613c91d"
  integrity sha512-X2/OuzEbjaxhzm97UJ+95GrMeT29d1Ib+Pu+paGLuRWZnWRK9sI9r3ikmKXPWGA1C4y4JEdBEFpp9jEqCvLeRA==

"@csstools/postcss-cascade-layers@^3.0.0":
  version "3.0.1"
  resolved "https://registry.yarnpkg.com/@csstools/postcss-cascade-layers/-/postcss-cascade-layers-3.0.1.tgz#d839386e90428b448e3f75276bc01d516e852a0d"
  integrity sha512-dD8W98dOYNOH/yX4V4HXOhfCOnvVAg8TtsL+qCGNoKXuq5z2C/d026wGWgySgC8cajXXo/wNezS31Glj5GcqrA==
  dependencies:
    "@csstools/selector-specificity" "^2.0.2"
    postcss-selector-parser "^6.0.10"

"@csstools/postcss-color-function@^2.0.0":
  version "2.1.0"
  resolved "https://registry.yarnpkg.com/@csstools/postcss-color-function/-/postcss-color-function-2.1.0.tgz#2ed0320b4f7e0d7718280e273f88ba4164eae7e7"
  integrity sha512-XBoCClLyWchlYGHGlmMOa6M2UXZNrZm63HVfsvgD/z1RPm/s3+FhHyT6VkDo+OvEBPhCgn6xz4IeCu4pRctKDQ==
  dependencies:
    "@csstools/color-helpers" "^1.0.0"
    "@csstools/postcss-progressive-custom-properties" "^2.0.0"
    postcss-value-parser "^4.2.0"

"@csstools/postcss-font-format-keywords@^2.0.0":
  version "2.0.2"
  resolved "https://registry.yarnpkg.com/@csstools/postcss-font-format-keywords/-/postcss-font-format-keywords-2.0.2.tgz#d798d96f4af6cddcfee459f598c976e6011042d2"
  integrity sha512-iKYZlIs6JsNT7NKyRjyIyezTCHLh4L4BBB3F5Nx7Dc4Z/QmBgX+YJFuUSar8IM6KclGiAUFGomXFdYxAwJydlA==
  dependencies:
    postcss-value-parser "^4.2.0"

"@csstools/postcss-hwb-function@^2.0.0":
  version "2.1.1"
  resolved "https://registry.yarnpkg.com/@csstools/postcss-hwb-function/-/postcss-hwb-function-2.1.1.tgz#a86efbae9f95236022d6bed83e06357a3bfb4de7"
  integrity sha512-XijKzdxBdH2hU6IcPWmnaU85FKEF1XE5hGy0d6dQC6XznFUIRu1T4uebL3krayX40m4xIcxfCBsQm5zphzVrtg==
  dependencies:
    "@csstools/color-helpers" "^1.0.0"
    postcss-value-parser "^4.2.0"

"@csstools/postcss-ic-unit@^2.0.0":
  version "2.0.2"
  resolved "https://registry.yarnpkg.com/@csstools/postcss-ic-unit/-/postcss-ic-unit-2.0.2.tgz#5a5e481c53977deec3d63793788eec924d4c5f7d"
  integrity sha512-N84qGTJkfLTPj2qOG5P4CIqGjpZBbjOEMKMn+UjO5wlb9lcBTfBsxCF0lQsFdWJUzBHYFOz19dL66v71WF3Pig==
  dependencies:
    "@csstools/postcss-progressive-custom-properties" "^2.0.0"
    postcss-value-parser "^4.2.0"

"@csstools/postcss-is-pseudo-class@^3.0.0":
  version "3.1.1"
  resolved "https://registry.yarnpkg.com/@csstools/postcss-is-pseudo-class/-/postcss-is-pseudo-class-3.1.1.tgz#81b0f3ba388bf3c8966e1a4413e1839beef7960e"
  integrity sha512-hhiacuby4YdUnnxfCYCRMBIobyJImozf0u+gHSbQ/tNOdwvmrZtVROvgW7zmfYuRkHVDNZJWZslq2v5jOU+j/A==
  dependencies:
    "@csstools/selector-specificity" "^2.0.0"
    postcss-selector-parser "^6.0.10"

"@csstools/postcss-logical-float-and-clear@^1.0.0":
  version "1.0.1"
  resolved "https://registry.yarnpkg.com/@csstools/postcss-logical-float-and-clear/-/postcss-logical-float-and-clear-1.0.1.tgz#d255ea7aad18880930b63d8a04164f56182f2ecf"
  integrity sha512-eO9z2sMLddvlfFEW5Fxbjyd03zaO7cJafDurK4rCqyRt9P7aaWwha0LcSzoROlcZrw1NBV2JAp2vMKfPMQO1xw==

"@csstools/postcss-logical-resize@^1.0.0":
  version "1.0.1"
  resolved "https://registry.yarnpkg.com/@csstools/postcss-logical-resize/-/postcss-logical-resize-1.0.1.tgz#826d3de929d7d786c32c2c118f78e813a1c2cdec"
  integrity sha512-x1ge74eCSvpBkDDWppl+7FuD2dL68WP+wwP2qvdUcKY17vJksz+XoE1ZRV38uJgS6FNUwC0AxrPW5gy3MxsDHQ==
  dependencies:
    postcss-value-parser "^4.2.0"

"@csstools/postcss-logical-viewport-units@^1.0.0":
  version "1.0.2"
  resolved "https://registry.yarnpkg.com/@csstools/postcss-logical-viewport-units/-/postcss-logical-viewport-units-1.0.2.tgz#b968c57e1459429b48b24e2c250ca0904d71df6e"
  integrity sha512-nnKFywBqRMYjv5jyjSplD/nbAnboUEGFfdxKw1o34Y1nvycgqjQavhKkmxbORxroBBIDwC5y6SfgENcPPUcOxQ==
  dependencies:
    "@csstools/css-tokenizer" "^2.0.0"

"@csstools/postcss-media-queries-aspect-ratio-number-values@^1.0.0":
  version "1.0.1"
  resolved "https://registry.yarnpkg.com/@csstools/postcss-media-queries-aspect-ratio-number-values/-/postcss-media-queries-aspect-ratio-number-values-1.0.1.tgz#fd6a8e50c2d6d46a5c95b6cdc5563a091fa2f0fa"
  integrity sha512-V9yQqXdje6OfqDf6EL5iGOpi6N0OEczwYK83rql9UapQwFEryXlAehR5AqH8QqLYb6+y31wUXK6vMxCp0920Zg==
  dependencies:
    "@csstools/css-parser-algorithms" "^2.0.0"
    "@csstools/css-tokenizer" "^2.0.0"
    "@csstools/media-query-list-parser" "^2.0.0"

"@csstools/postcss-nested-calc@^2.0.0":
  version "2.0.2"
  resolved "https://registry.yarnpkg.com/@csstools/postcss-nested-calc/-/postcss-nested-calc-2.0.2.tgz#a0857650ef88b1aa7b094c7ea8ea1378c35695e0"
  integrity sha512-jbwrP8rN4e7LNaRcpx3xpMUjhtt34I9OV+zgbcsYAAk6k1+3kODXJBf95/JMYWhu9g1oif7r06QVUgfWsKxCFw==
  dependencies:
    postcss-value-parser "^4.2.0"

"@csstools/postcss-normalize-display-values@^2.0.0":
  version "2.0.1"
  resolved "https://registry.yarnpkg.com/@csstools/postcss-normalize-display-values/-/postcss-normalize-display-values-2.0.1.tgz#35dc188c5b4713cf902959fe3c8ce613fcb7543e"
  integrity sha512-TQT5g3JQ5gPXC239YuRK8jFceXF9d25ZvBkyjzBGGoW5st5sPXFVQS8OjYb9IJ/K3CdfK4528y483cgS2DJR/w==
  dependencies:
    postcss-value-parser "^4.2.0"

"@csstools/postcss-oklab-function@^2.0.0":
  version "2.1.0"
  resolved "https://registry.yarnpkg.com/@csstools/postcss-oklab-function/-/postcss-oklab-function-2.1.0.tgz#0f9b914574549e617942a40297ffe76da76809c6"
  integrity sha512-U/odSNjOVhagNRu+RDaNVbn8vaqA9GyCOoneQA2je7697KOrtRDc7/POrYsP7QioO2aaezDzKNX02wBzc99fkQ==
  dependencies:
    "@csstools/color-helpers" "^1.0.0"
    "@csstools/postcss-progressive-custom-properties" "^2.0.0"
    postcss-value-parser "^4.2.0"

"@csstools/postcss-progressive-custom-properties@^2.0.0":
  version "2.1.0"
  resolved "https://registry.yarnpkg.com/@csstools/postcss-progressive-custom-properties/-/postcss-progressive-custom-properties-2.1.0.tgz#df35da0e85a6d5e1d8e4c9a0ba9032e8486e8b9d"
  integrity sha512-tRX1rinsXajZlc4WiU7s9Y6O9EdSHScT997zDsvDUjQ1oZL2nvnL6Bt0s9KyQZZTdC3lrG2PIdBqdOIWXSEPlQ==
  dependencies:
    postcss-value-parser "^4.2.0"

"@csstools/postcss-scope-pseudo-class@^2.0.0":
  version "2.0.2"
  resolved "https://registry.yarnpkg.com/@csstools/postcss-scope-pseudo-class/-/postcss-scope-pseudo-class-2.0.2.tgz#6325e1e3b321093c59b008ec670bb772e17f06fe"
  integrity sha512-6Pvo4uexUCXt+Hz5iUtemQAcIuCYnL+ePs1khFR6/xPgC92aQLJ0zGHonWoewiBE+I++4gXK3pr+R1rlOFHe5w==
  dependencies:
    postcss-selector-parser "^6.0.10"

"@csstools/postcss-stepped-value-functions@^2.0.0":
  version "2.0.1"
  resolved "https://registry.yarnpkg.com/@csstools/postcss-stepped-value-functions/-/postcss-stepped-value-functions-2.0.1.tgz#674bfca93d063d9ea3262c773d0e1cec3e07d2eb"
  integrity sha512-VimD+M69GsZF/XssivjUwo6jXLgi86ar/gRSH7bautnCULSLxCr/HuY32N4rLRUr7qWF8oF/JTv06ceb66Q1jA==
  dependencies:
    postcss-value-parser "^4.2.0"

"@csstools/postcss-text-decoration-shorthand@^2.0.0":
  version "2.2.1"
  resolved "https://registry.yarnpkg.com/@csstools/postcss-text-decoration-shorthand/-/postcss-text-decoration-shorthand-2.2.1.tgz#1accf54487d74aa7ccade2e674c7290bb2ce10ae"
  integrity sha512-Ow6/cWWdjjVvA83mkm3kLRvvWsbzoe1AbJCxkpC+c9ibUjyS8pifm+LpZslQUKcxRVQ69ztKHDBEbFGTDhNeUw==
  dependencies:
    "@csstools/color-helpers" "^1.0.0"
    postcss-value-parser "^4.2.0"

"@csstools/postcss-trigonometric-functions@^2.0.0":
  version "2.0.1"
  resolved "https://registry.yarnpkg.com/@csstools/postcss-trigonometric-functions/-/postcss-trigonometric-functions-2.0.1.tgz#2ecede7066187cf08423f8318ef5796cda75351f"
  integrity sha512-uGmmVWGHozyWe6+I4w321fKUC034OB1OYW0ZP4ySHA23n+r9y93K+1yrmW+hThpSfApKhaWySoD4I71LLlFUYQ==
  dependencies:
    postcss-value-parser "^4.2.0"

"@csstools/postcss-unset-value@^2.0.0":
  version "2.0.1"
  resolved "https://registry.yarnpkg.com/@csstools/postcss-unset-value/-/postcss-unset-value-2.0.1.tgz#67091dd6cff556bff896c95053eb070cc6b21c25"
  integrity sha512-oJ9Xl29/yU8U7/pnMJRqAZd4YXNCfGEdcP4ywREuqm/xMqcgDNDppYRoCGDt40aaZQIEKBS79LytUDN/DHf0Ew==

"@csstools/selector-specificity@^2.0.0", "@csstools/selector-specificity@^2.0.1", "@csstools/selector-specificity@^2.0.2":
  version "2.1.1"
  resolved "https://registry.yarnpkg.com/@csstools/selector-specificity/-/selector-specificity-2.1.1.tgz#c9c61d9fe5ca5ac664e1153bb0aa0eba1c6d6308"
  integrity sha512-jwx+WCqszn53YHOfvFMJJRd/B2GqkCBt+1MJSG6o5/s8+ytHMvDZXsJgUEWLk12UnLd7HYKac4BYU5i/Ron1Cw==

"@esbuild/android-arm64@0.17.8":
  version "0.17.8"
  resolved "https://registry.yarnpkg.com/@esbuild/android-arm64/-/android-arm64-0.17.8.tgz#b3d5b65a3b2e073a6c7ee36b1f3c30c8f000315b"
  integrity sha512-oa/N5j6v1svZQs7EIRPqR8f+Bf8g6HBDjD/xHC02radE/NjKHK7oQmtmLxPs1iVwYyvE+Kolo6lbpfEQ9xnhxQ==

"@esbuild/android-arm@0.17.8":
  version "0.17.8"
  resolved "https://registry.yarnpkg.com/@esbuild/android-arm/-/android-arm-0.17.8.tgz#c41e496af541e175369d48164d0cf01a5f656cf6"
  integrity sha512-0/rb91GYKhrtbeglJXOhAv9RuYimgI8h623TplY2X+vA4EXnk3Zj1fXZreJ0J3OJJu1bwmb0W7g+2cT/d8/l/w==

"@esbuild/android-x64@0.17.8":
  version "0.17.8"
  resolved "https://registry.yarnpkg.com/@esbuild/android-x64/-/android-x64-0.17.8.tgz#080fa67c29be77f5a3ca5ee4cc78d5bf927e3a3b"
  integrity sha512-bTliMLqD7pTOoPg4zZkXqCDuzIUguEWLpeqkNfC41ODBHwoUgZ2w5JBeYimv4oP6TDVocoYmEhZrCLQTrH89bg==

"@esbuild/darwin-arm64@0.17.8":
  version "0.17.8"
  resolved "https://registry.yarnpkg.com/@esbuild/darwin-arm64/-/darwin-arm64-0.17.8.tgz#053622bf9a82f43d5c075b7818e02618f7b4a397"
  integrity sha512-ghAbV3ia2zybEefXRRm7+lx8J/rnupZT0gp9CaGy/3iolEXkJ6LYRq4IpQVI9zR97ID80KJVoUlo3LSeA/sMAg==

"@esbuild/darwin-x64@0.17.8":
  version "0.17.8"
  resolved "https://registry.yarnpkg.com/@esbuild/darwin-x64/-/darwin-x64-0.17.8.tgz#8a1aadb358d537d8efad817bb1a5bff91b84734b"
  integrity sha512-n5WOpyvZ9TIdv2V1K3/iIkkJeKmUpKaCTdun9buhGRWfH//osmUjlv4Z5mmWdPWind/VGcVxTHtLfLCOohsOXw==

"@esbuild/freebsd-arm64@0.17.8":
  version "0.17.8"
  resolved "https://registry.yarnpkg.com/@esbuild/freebsd-arm64/-/freebsd-arm64-0.17.8.tgz#e6738d0081ba0721a5c6c674e84c6e7fcea61989"
  integrity sha512-a/SATTaOhPIPFWvHZDoZYgxaZRVHn0/LX1fHLGfZ6C13JqFUZ3K6SMD6/HCtwOQ8HnsNaEeokdiDSFLuizqv5A==

"@esbuild/freebsd-x64@0.17.8":
  version "0.17.8"
  resolved "https://registry.yarnpkg.com/@esbuild/freebsd-x64/-/freebsd-x64-0.17.8.tgz#1855e562f2b730f4483f6e94086e9e2597feb4c3"
  integrity sha512-xpFJb08dfXr5+rZc4E+ooZmayBW6R3q59daCpKZ/cDU96/kvDM+vkYzNeTJCGd8rtO6fHWMq5Rcv/1cY6p6/0Q==

"@esbuild/linux-arm64@0.17.8":
  version "0.17.8"
  resolved "https://registry.yarnpkg.com/@esbuild/linux-arm64/-/linux-arm64-0.17.8.tgz#481da38952721a3fdb77c17a36ceaacc4270b5c5"
  integrity sha512-v3iwDQuDljLTxpsqQDl3fl/yihjPAyOguxuloON9kFHYwopeJEf1BkDXODzYyXEI19gisEsQlG1bM65YqKSIww==

"@esbuild/linux-arm@0.17.8":
  version "0.17.8"
  resolved "https://registry.yarnpkg.com/@esbuild/linux-arm/-/linux-arm-0.17.8.tgz#18127072b270bb6321c6d11be20bfd30e0d6ad17"
  integrity sha512-6Ij8gfuGszcEwZpi5jQIJCVIACLS8Tz2chnEBfYjlmMzVsfqBP1iGmHQPp7JSnZg5xxK9tjCc+pJ2WtAmPRFVA==

"@esbuild/linux-ia32@0.17.8":
  version "0.17.8"
  resolved "https://registry.yarnpkg.com/@esbuild/linux-ia32/-/linux-ia32-0.17.8.tgz#ee400af7b3bc69e8ca2e593ca35156ffb9abd54f"
  integrity sha512-8svILYKhE5XetuFk/B6raFYIyIqydQi+GngEXJgdPdI7OMKUbSd7uzR02wSY4kb53xBrClLkhH4Xs8P61Q2BaA==

"@esbuild/linux-loong64@0.17.8":
  version "0.17.8"
  resolved "https://registry.yarnpkg.com/@esbuild/linux-loong64/-/linux-loong64-0.17.8.tgz#8c509d8a454693d39824b83b3f66c400872fce82"
  integrity sha512-B6FyMeRJeV0NpyEOYlm5qtQfxbdlgmiGdD+QsipzKfFky0K5HW5Td6dyK3L3ypu1eY4kOmo7wW0o94SBqlqBSA==

"@esbuild/linux-mips64el@0.17.8":
  version "0.17.8"
  resolved "https://registry.yarnpkg.com/@esbuild/linux-mips64el/-/linux-mips64el-0.17.8.tgz#f2b0d36e63fb26bc3f95b203b6a80638292101ca"
  integrity sha512-CCb67RKahNobjm/eeEqeD/oJfJlrWyw29fgiyB6vcgyq97YAf3gCOuP6qMShYSPXgnlZe/i4a8WFHBw6N8bYAA==

"@esbuild/linux-ppc64@0.17.8":
  version "0.17.8"
  resolved "https://registry.yarnpkg.com/@esbuild/linux-ppc64/-/linux-ppc64-0.17.8.tgz#1e628be003e036e90423716028cc884fe5ba25bd"
  integrity sha512-bytLJOi55y55+mGSdgwZ5qBm0K9WOCh0rx+vavVPx+gqLLhxtSFU0XbeYy/dsAAD6xECGEv4IQeFILaSS2auXw==

"@esbuild/linux-riscv64@0.17.8":
  version "0.17.8"
  resolved "https://registry.yarnpkg.com/@esbuild/linux-riscv64/-/linux-riscv64-0.17.8.tgz#419a815cb4c3fb9f1b78ef5295f5b48b8bf6427a"
  integrity sha512-2YpRyQJmKVBEHSBLa8kBAtbhucaclb6ex4wchfY0Tj3Kg39kpjeJ9vhRU7x4mUpq8ISLXRXH1L0dBYjAeqzZAw==

"@esbuild/linux-s390x@0.17.8":
  version "0.17.8"
  resolved "https://registry.yarnpkg.com/@esbuild/linux-s390x/-/linux-s390x-0.17.8.tgz#291c49ae5c3d11d226352755c0835911fe1a9e5c"
  integrity sha512-QgbNY/V3IFXvNf11SS6exkpVcX0LJcob+0RWCgV9OiDAmVElnxciHIisoSix9uzYzScPmS6dJFbZULdSAEkQVw==

"@esbuild/linux-x64@0.17.8":
  version "0.17.8"
  resolved "https://registry.yarnpkg.com/@esbuild/linux-x64/-/linux-x64-0.17.8.tgz#03199d91c76faf80bd54104f5cbf0a489bc39f6a"
  integrity sha512-mM/9S0SbAFDBc4OPoyP6SEOo5324LpUxdpeIUUSrSTOfhHU9hEfqRngmKgqILqwx/0DVJBzeNW7HmLEWp9vcOA==

"@esbuild/netbsd-x64@0.17.8":
  version "0.17.8"
  resolved "https://registry.yarnpkg.com/@esbuild/netbsd-x64/-/netbsd-x64-0.17.8.tgz#b436d767e1b21852f9ed212e2bb57f77203b0ae2"
  integrity sha512-eKUYcWaWTaYr9zbj8GertdVtlt1DTS1gNBWov+iQfWuWyuu59YN6gSEJvFzC5ESJ4kMcKR0uqWThKUn5o8We6Q==

"@esbuild/openbsd-x64@0.17.8":
  version "0.17.8"
  resolved "https://registry.yarnpkg.com/@esbuild/openbsd-x64/-/openbsd-x64-0.17.8.tgz#d1481d8539e21d4729cd04a0450a26c2c8789e89"
  integrity sha512-Vc9J4dXOboDyMXKD0eCeW0SIeEzr8K9oTHJU+Ci1mZc5njPfhKAqkRt3B/fUNU7dP+mRyralPu8QUkiaQn7iIg==

"@esbuild/sunos-x64@0.17.8":
  version "0.17.8"
  resolved "https://registry.yarnpkg.com/@esbuild/sunos-x64/-/sunos-x64-0.17.8.tgz#2cfb8126e079b2c00fd1bf095541e9f5c47877e4"
  integrity sha512-0xvOTNuPXI7ft1LYUgiaXtpCEjp90RuBBYovdd2lqAFxje4sEucurg30M1WIm03+3jxByd3mfo+VUmPtRSVuOw==

"@esbuild/win32-arm64@0.17.8":
  version "0.17.8"
  resolved "https://registry.yarnpkg.com/@esbuild/win32-arm64/-/win32-arm64-0.17.8.tgz#7c6ecfd097ca23b82119753bf7072bbaefe51e3a"
  integrity sha512-G0JQwUI5WdEFEnYNKzklxtBheCPkuDdu1YrtRrjuQv30WsYbkkoixKxLLv8qhJmNI+ATEWquZe/N0d0rpr55Mg==

"@esbuild/win32-ia32@0.17.8":
  version "0.17.8"
  resolved "https://registry.yarnpkg.com/@esbuild/win32-ia32/-/win32-ia32-0.17.8.tgz#cffec63c3cb0ef8563a04df4e09fa71056171d00"
  integrity sha512-Fqy63515xl20OHGFykjJsMnoIWS+38fqfg88ClvPXyDbLtgXal2DTlhb1TfTX34qWi3u4I7Cq563QcHpqgLx8w==

"@esbuild/win32-x64@0.17.8":
  version "0.17.8"
  resolved "https://registry.yarnpkg.com/@esbuild/win32-x64/-/win32-x64-0.17.8.tgz#200a0965cf654ac28b971358ecdca9cc5b44c335"
  integrity sha512-1iuezdyDNngPnz8rLRDO2C/ZZ/emJLb72OsZeqQ6gL6Avko/XCXZw+NuxBSNhBAP13Hie418V7VMt9et1FMvpg==

"@popperjs/core@^2.11.6", "@popperjs/core@^2.9.2":
  version "2.11.6"
  resolved "https://registry.yarnpkg.com/@popperjs/core/-/core-2.11.6.tgz#cee20bd55e68a1720bdab363ecf0c821ded4cd45"
  integrity sha512-50/17A98tWUfQ176raKiOGXuYpLyyVMkxxG6oylzL3BPOlA6ADGdK7EYunSa4I064xerltq9TGXs8HmOk5E+vw==

"@simplewebauthn/browser@^7.1.0":
  version "7.1.0"
  resolved "https://registry.yarnpkg.com/@simplewebauthn/browser/-/browser-7.1.0.tgz#b67db5f3de85fb9236ef39ccbbaafdd5038a7968"
  integrity sha512-SEwRBBpz/g3AbFvTrsoMbrn8b+HqCIiKE/0lmOywrZu/4ktfKxSDFVwG9U1QM4BdGrvm8kXPO0xv2xj/AqhsUw==

"@simplewebauthn/typescript-types@^7.0.0":
  version "7.0.0"
  resolved "https://registry.yarnpkg.com/@simplewebauthn/typescript-types/-/typescript-types-7.0.0.tgz#887178424220524e71c10ae4548fbb353ed58ae6"
  integrity sha512-bV+xACCFTsrLR/23ozHO06ZllHZaxC8LlI5YCo79GvU2BrN+rePDU2yXwZIYndNWcMQwRdndRdAhpafOh9AC/g==

"@types/bootstrap@^5.2.6":
  version "5.2.6"
  resolved "https://registry.yarnpkg.com/@types/bootstrap/-/bootstrap-5.2.6.tgz#e861b3aa1f4a1434da0bf50fbaa372b6f7e64d2f"
  integrity sha512-BlAc3YATdasbHoxMoBWODrSF6qwQO/E9X8wVxCCSa6rWjnaZfpkr2N6pUMCY6jj2+wf0muUtLySbvU9etX6YqA==
  dependencies:
    "@popperjs/core" "^2.9.2"

"@types/node@^18.14.0":
  version "18.14.0"
  resolved "https://registry.yarnpkg.com/@types/node/-/node-18.14.0.tgz#94c47b9217bbac49d4a67a967fdcdeed89ebb7d0"
  integrity sha512-5EWrvLmglK+imbCJY0+INViFWUHg1AHel1sq4ZVSfdcNqGy9Edv3UB9IIzzg+xPaUcAgZYcfVs2fBcwDeZzU0A==

anymatch@~3.1.2:
  version "3.1.3"
  resolved "https://registry.yarnpkg.com/anymatch/-/anymatch-3.1.3.tgz#790c58b19ba1720a84205b57c618d5ad8524973e"
  integrity sha512-KMReFUr0B4t+D+OBkjR3KYqvocp2XaSzO55UcB6mgQMd3KbcE+mWTyvVV7D/zsdEbNnV6acZUutkiHQXvTr1Rw==
  dependencies:
    normalize-path "^3.0.0"
    picomatch "^2.0.4"

autoprefixer@^10.4.13:
  version "10.4.13"
  resolved "https://registry.yarnpkg.com/autoprefixer/-/autoprefixer-10.4.13.tgz#b5136b59930209a321e9fa3dca2e7c4d223e83a8"
  integrity sha512-49vKpMqcZYsJjwotvt4+h/BCjJVnhGwcLpDt5xkcaOG3eLrG/HUYLagrihYsQ+qrIBgIzX1Rw7a6L8I/ZA1Atg==
  dependencies:
    browserslist "^4.21.4"
    caniuse-lite "^1.0.30001426"
    fraction.js "^4.2.0"
    normalize-range "^0.1.2"
    picocolors "^1.0.0"
    postcss-value-parser "^4.2.0"

binary-extensions@^2.0.0:
  version "2.2.0"
  resolved "https://registry.yarnpkg.com/binary-extensions/-/binary-extensions-2.2.0.tgz#75f502eeaf9ffde42fc98829645be4ea76bd9e2d"
  integrity sha512-jDctJ/IVQbZoJykoeHbhXpOlNBqGNcwXJKJog42E5HDPUwQTSdjCHdihjj0DlnheQ7blbT6dHOafNAiS8ooQKA==

bootstrap@5.3.0-alpha1:
  version "5.3.0-alpha1"
  resolved "https://registry.yarnpkg.com/bootstrap/-/bootstrap-5.3.0-alpha1.tgz#380629c4367893f02f7879a01ea3ae0f94e2e70e"
  integrity sha512-ABZpKK4ObS3kKlIqH+ZVDqoy5t/bhFG0oHTAzByUdon7YIom0lpCeTqRniDzJmbtcWkNe800VVPBiJgxSYTYew==

braces@~3.0.2:
  version "3.0.2"
  resolved "https://registry.yarnpkg.com/braces/-/braces-3.0.2.tgz#3454e1a462ee8d599e236df336cd9ea4f8afe107"
  integrity sha512-b8um+L1RzM3WDSzvhm6gIz1yfTbBt6YTlcEKAvsmqCZZFw46z626lVj9j1yEPW33H5H+lBQpZMP1k8l+78Ha0A==
  dependencies:
    fill-range "^7.0.1"

browserslist@^4.21.4:
  version "4.21.5"
  resolved "https://registry.yarnpkg.com/browserslist/-/browserslist-4.21.5.tgz#75c5dae60063ee641f977e00edd3cfb2fb7af6a7"
  integrity sha512-tUkiguQGW7S3IhB7N+c2MV/HZPSCPAAiYBZXLsBhFB/PCy6ZKKsZrmBayHV9fdGV/ARIfJ14NkxKzRDjvp7L6w==
  dependencies:
    caniuse-lite "^1.0.30001449"
    electron-to-chromium "^1.4.284"
    node-releases "^2.0.8"
    update-browserslist-db "^1.0.10"

caniuse-lite@^1.0.30001426, caniuse-lite@^1.0.30001449:
  version "1.0.30001456"
  resolved "https://registry.yarnpkg.com/caniuse-lite/-/caniuse-lite-1.0.30001456.tgz#734ec1dbfa4f3abe6e435b78ecf40d68e8c32ce4"
  integrity sha512-XFHJY5dUgmpMV25UqaD4kVq2LsiaU5rS8fb0f17pCoXQiQslzmFgnfOxfvo1bTpTqf7dwG/N/05CnLCnOEKmzA==

"chokidar@>=3.0.0 <4.0.0":
  version "3.5.3"
  resolved "https://registry.yarnpkg.com/chokidar/-/chokidar-3.5.3.tgz#1cf37c8707b932bd1af1ae22c0432e2acd1903bd"
  integrity sha512-Dr3sfKRP6oTcjf2JmUmFJfeVMvXBdegxB0iVQ5eb2V10uFJUCAS8OByZdVAyVb8xXNz3GjjTgj9kLWsZTqE6kw==
  dependencies:
    anymatch "~3.1.2"
    braces "~3.0.2"
    glob-parent "~5.1.2"
    is-binary-path "~2.1.0"
    is-glob "~4.0.1"
    normalize-path "~3.0.0"
    readdirp "~3.6.0"
  optionalDependencies:
    fsevents "~2.3.2"

css-blank-pseudo@^5.0.0:
  version "5.0.2"
  resolved "https://registry.yarnpkg.com/css-blank-pseudo/-/css-blank-pseudo-5.0.2.tgz#3df5cd950f64de960974da05e76954fd3d7442f9"
  integrity sha512-aCU4AZ7uEcVSUzagTlA9pHciz7aWPKA/YzrEkpdSopJ2pvhIxiQ5sYeMz1/KByxlIo4XBdvMNJAVKMg/GRnhfw==
  dependencies:
    postcss-selector-parser "^6.0.10"

css-has-pseudo@^5.0.0:
  version "5.0.2"
  resolved "https://registry.yarnpkg.com/css-has-pseudo/-/css-has-pseudo-5.0.2.tgz#8798118c705d858b7aeb9d839a39edd901c1cc83"
  integrity sha512-q+U+4QdwwB7T9VEW/LyO6CFrLAeLqOykC5mDqJXc7aKZAhDbq7BvGT13VGJe+IwBfdN2o3Xdw2kJ5IxwV1Sc9Q==
  dependencies:
    "@csstools/selector-specificity" "^2.0.1"
    postcss-selector-parser "^6.0.10"
    postcss-value-parser "^4.2.0"

css-prefers-color-scheme@^8.0.0:
  version "8.0.2"
  resolved "https://registry.yarnpkg.com/css-prefers-color-scheme/-/css-prefers-color-scheme-8.0.2.tgz#a0671f54eb19ed0d30b952574c0af11ec355fb6d"
  integrity sha512-OvFghizHJ45x7nsJJUSYLyQNTzsCU8yWjxAc/nhPQg1pbs18LMoET8N3kOweFDPy0JV0OSXN2iqRFhPBHYOeMA==

cssdb@^7.4.0:
  version "7.4.1"
  resolved "https://registry.yarnpkg.com/cssdb/-/cssdb-7.4.1.tgz#61d55c0173126689922a219e15e131e4b5caf422"
  integrity sha512-0Q8NOMpXJ3iTDDbUv9grcmQAfdDx4qz+fN/+Md2FGbevT+6+bJNQ2LjB2YIUlLbpBTM32idU1Sb+tb/uGt6/XQ==

cssesc@^3.0.0:
  version "3.0.0"
  resolved "https://registry.yarnpkg.com/cssesc/-/cssesc-3.0.0.tgz#37741919903b868565e1c09ea747445cd18983ee"
  integrity sha512-/Tb/JcjK111nNScGob5MNtsntNM1aCNUDipB/TkwZFhyDrrE47SOx/18wF2bbjgc3ZzCSKW1T5nt5EbFoAz/Vg==

electron-to-chromium@^1.4.284:
  version "1.4.302"
  resolved "https://registry.yarnpkg.com/electron-to-chromium/-/electron-to-chromium-1.4.302.tgz#5770646ffe7051677b489226144aad9386d420f2"
  integrity sha512-Uk7C+7aPBryUR1Fwvk9VmipBcN9fVsqBO57jV2ZjTm+IZ6BMNqu7EDVEg2HxCNufk6QcWlFsBkhQyQroB2VWKw==

esbuild-sass-plugin@^2.5.0:
  version "2.5.0"
  resolved "https://registry.yarnpkg.com/esbuild-sass-plugin/-/esbuild-sass-plugin-2.5.0.tgz#56351c3e5a221043cdfcf5552286a01b6e7bec0f"
  integrity sha512-SKWcvZwB+3/3eLhSCscJfb9AEOgL3oYlwOaItnXpXNPVj9Hc1Iwf5Cx4muUd+H+6zKyUwviAtVdRwcUsocUYgA==
  dependencies:
    resolve "^1.22.1"

esbuild@^0.17.8:
  version "0.17.8"
  resolved "https://registry.yarnpkg.com/esbuild/-/esbuild-0.17.8.tgz#f7f799abc7cdce3f0f2e3e0c01f120d4d55193b4"
  integrity sha512-g24ybC3fWhZddZK6R3uD2iF/RIPnRpwJAqLov6ouX3hMbY4+tKolP0VMF3zuIYCaXun+yHwS5IPQ91N2BT191g==
  optionalDependencies:
    "@esbuild/android-arm" "0.17.8"
    "@esbuild/android-arm64" "0.17.8"
    "@esbuild/android-x64" "0.17.8"
    "@esbuild/darwin-arm64" "0.17.8"
    "@esbuild/darwin-x64" "0.17.8"
    "@esbuild/freebsd-arm64" "0.17.8"
    "@esbuild/freebsd-x64" "0.17.8"
    "@esbuild/linux-arm" "0.17.8"
    "@esbuild/linux-arm64" "0.17.8"
    "@esbuild/linux-ia32" "0.17.8"
    "@esbuild/linux-loong64" "0.17.8"
    "@esbuild/linux-mips64el" "0.17.8"
    "@esbuild/linux-ppc64" "0.17.8"
    "@esbuild/linux-riscv64" "0.17.8"
    "@esbuild/linux-s390x" "0.17.8"
    "@esbuild/linux-x64" "0.17.8"
    "@esbuild/netbsd-x64" "0.17.8"
    "@esbuild/openbsd-x64" "0.17.8"
    "@esbuild/sunos-x64" "0.17.8"
    "@esbuild/win32-arm64" "0.17.8"
    "@esbuild/win32-ia32" "0.17.8"
    "@esbuild/win32-x64" "0.17.8"

escalade@^3.1.1:
  version "3.1.1"
  resolved "https://registry.yarnpkg.com/escalade/-/escalade-3.1.1.tgz#d8cfdc7000965c5a0174b4a82eaa5c0552742e40"
  integrity sha512-k0er2gUkLf8O0zKJiAhmkTnJlTvINGv7ygDNPbeIsX/TJjGJZHuh9B2UxbsaEkmlEo9MfhrSzmhIlhRlI2GXnw==

fill-range@^7.0.1:
  version "7.0.1"
  resolved "https://registry.yarnpkg.com/fill-range/-/fill-range-7.0.1.tgz#1919a6a7c75fe38b2c7c77e5198535da9acdda40"
  integrity sha512-qOo9F+dMUmC2Lcb4BbVvnKJxTPjCm+RRpe4gDuGrzkL7mEVl/djYSu2OdQ2Pa302N4oqkSg9ir6jaLWJ2USVpQ==
  dependencies:
    to-regex-range "^5.0.1"

fraction.js@^4.2.0:
  version "4.2.0"
  resolved "https://registry.yarnpkg.com/fraction.js/-/fraction.js-4.2.0.tgz#448e5109a313a3527f5a3ab2119ec4cf0e0e2950"
  integrity sha512-MhLuK+2gUcnZe8ZHlaaINnQLl0xRIGRfcGk2yl8xoQAfHrSsL3rYu6FCmBdkdbhc9EPlwyGHewaRsvwRMJtAlA==

fsevents@~2.3.2:
  version "2.3.2"
  resolved "https://registry.yarnpkg.com/fsevents/-/fsevents-2.3.2.tgz#8a526f78b8fdf4623b709e0b975c52c24c02fd1a"
  integrity sha512-xiqMQR4xAeHTuB9uWm+fFRcIOgKBMiOBP+eXiyT7jsgVCq1bkVygt00oASowB7EdtpOHaaPgKt812P9ab+DDKA==

function-bind@^1.1.1:
  version "1.1.1"
  resolved "https://registry.yarnpkg.com/function-bind/-/function-bind-1.1.1.tgz#a56899d3ea3c9bab874bb9773b7c5ede92f4895d"
  integrity sha512-yIovAzMX49sF8Yl58fSCWJ5svSLuaibPxXQJFLmBObTuCr0Mf1KiPopGM9NiFjiYBCbfaa2Fh6breQ6ANVTI0A==

glob-parent@~5.1.2:
  version "5.1.2"
  resolved "https://registry.yarnpkg.com/glob-parent/-/glob-parent-5.1.2.tgz#869832c58034fe68a4093c17dc15e8340d8401c4"
  integrity sha512-AOIgSQCepiJYwP3ARnGx+5VnTu2HBYdzbGP45eLw1vr3zB3vZLeyed1sC9hnbcOc9/SrMyM5RPQrkGz4aS9Zow==
  dependencies:
    is-glob "^4.0.1"

has@^1.0.3:
  version "1.0.3"
  resolved "https://registry.yarnpkg.com/has/-/has-1.0.3.tgz#722d7cbfc1f6aa8241f16dd814e011e1f41e8796"
  integrity sha512-f2dvO0VU6Oej7RkWJGrehjbzMAjFp5/VKPp5tTpWIV4JHHZK1/BxbFRtf/siA2SWTe09caDmVtYYzWEIbBS4zw==
  dependencies:
    function-bind "^1.1.1"

htmx.org@^1.8.5:
  version "1.8.5"
  resolved "https://registry.yarnpkg.com/htmx.org/-/htmx.org-1.8.5.tgz#9090cd997461a6e5393661aeaa1209a6b23a0392"
  integrity sha512-3U9xraoaqNFCIUcpxD0EmF266ZS7DddTiraD9lqFORnsVnzmddAzi24ilaNyS4I9nhSj8tqiWbOf+ulKrU8bag==

immutable@^4.0.0:
  version "4.2.4"
  resolved "https://registry.yarnpkg.com/immutable/-/immutable-4.2.4.tgz#83260d50889526b4b531a5e293709a77f7c55a2a"
  integrity sha512-WDxL3Hheb1JkRN3sQkyujNlL/xRjAo3rJtaU5xeufUauG66JdMr32bLj4gF+vWl84DIA3Zxw7tiAjneYzRRw+w==

is-binary-path@~2.1.0:
  version "2.1.0"
  resolved "https://registry.yarnpkg.com/is-binary-path/-/is-binary-path-2.1.0.tgz#ea1f7f3b80f064236e83470f86c09c254fb45b09"
  integrity sha512-ZMERYes6pDydyuGidse7OsHxtbI7WVeUEozgR/g7rd0xUimYNlvZRE/K2MgZTjWy725IfelLeVcEM97mmtRGXw==
  dependencies:
    binary-extensions "^2.0.0"

is-core-module@^2.9.0:
  version "2.11.0"
  resolved "https://registry.yarnpkg.com/is-core-module/-/is-core-module-2.11.0.tgz#ad4cb3e3863e814523c96f3f58d26cc570ff0144"
  integrity sha512-RRjxlvLDkD1YJwDbroBHMb+cukurkDWNyHx7D3oNB5x9rb5ogcksMC5wHCadcXoo67gVr/+3GFySh3134zi6rw==
  dependencies:
    has "^1.0.3"

is-extglob@^2.1.1:
  version "2.1.1"
  resolved "https://registry.yarnpkg.com/is-extglob/-/is-extglob-2.1.1.tgz#a88c02535791f02ed37c76a1b9ea9773c833f8c2"
  integrity sha512-SbKbANkN603Vi4jEZv49LeVJMn4yGwsbzZworEoyEiutsN3nJYdbO36zfhGJ6QEDpOZIFkDtnq5JRxmvl3jsoQ==

is-glob@^4.0.1, is-glob@~4.0.1:
  version "4.0.3"
  resolved "https://registry.yarnpkg.com/is-glob/-/is-glob-4.0.3.tgz#64f61e42cbbb2eec2071a9dac0b28ba1e65d5084"
  integrity sha512-xelSayHH36ZgE7ZWhli7pW34hNbNl8Ojv5KVmkJD4hBdD3th8Tfk9vYasLM+mXWOZhFkgZfxhLSnrwRr4elSSg==
  dependencies:
    is-extglob "^2.1.1"

is-number@^7.0.0:
  version "7.0.0"
  resolved "https://registry.yarnpkg.com/is-number/-/is-number-7.0.0.tgz#7535345b896734d5f80c4d06c50955527a14f12b"
  integrity sha512-41Cifkg6e8TylSpdtTpeLVMqvSBEVzTttHvERD741+pnZ8ANv0004MRL43QKPDlK9cGvNp6NZWZUBlbGXYxxng==

nanoid@^3.3.4:
  version "3.3.4"
  resolved "https://registry.yarnpkg.com/nanoid/-/nanoid-3.3.4.tgz#730b67e3cd09e2deacf03c027c81c9d9dbc5e8ab"
  integrity sha512-MqBkQh/OHTS2egovRtLk45wEyNXwF+cokD+1YPf9u5VfJiRdAiRwB2froX5Co9Rh20xs4siNPm8naNotSD6RBw==

node-releases@^2.0.8:
  version "2.0.10"
  resolved "https://registry.yarnpkg.com/node-releases/-/node-releases-2.0.10.tgz#c311ebae3b6a148c89b1813fd7c4d3c024ef537f"
  integrity sha512-5GFldHPXVG/YZmFzJvKK2zDSzPKhEp0+ZR5SVaoSag9fsL5YgHbUHDfnG5494ISANDcK4KwPXAx2xqVEydmd7w==

normalize-path@^3.0.0, normalize-path@~3.0.0:
  version "3.0.0"
  resolved "https://registry.yarnpkg.com/normalize-path/-/normalize-path-3.0.0.tgz#0dcd69ff23a1c9b11fd0978316644a0388216a65"
  integrity sha512-6eZs5Ls3WtCisHWp9S2GUy8dqkpGi4BVSz3GaqiE6ezub0512ESztXUwUB6C6IKbQkY2Pnb/mD4WYojCRwcwLA==

normalize-range@^0.1.2:
  version "0.1.2"
  resolved "https://registry.yarnpkg.com/normalize-range/-/normalize-range-0.1.2.tgz#2d10c06bdfd312ea9777695a4d28439456b75942"
  integrity sha512-bdok/XvKII3nUpklnV6P2hxtMNrCboOjAcyBuQnWEhO665FwrSNRxU+AqpsyvO6LgGYPspN+lu5CLtw4jPRKNA==

path-parse@^1.0.7:
  version "1.0.7"
  resolved "https://registry.yarnpkg.com/path-parse/-/path-parse-1.0.7.tgz#fbc114b60ca42b30d9daf5858e4bd68bbedb6735"
  integrity sha512-LDJzPVEEEPR+y48z93A0Ed0yXb8pAByGWo/k5YYdYgpY2/2EsOsksJrq7lOHxryrVOn1ejG6oAp8ahvOIQD8sw==

picocolors@^1.0.0:
  version "1.0.0"
  resolved "https://registry.yarnpkg.com/picocolors/-/picocolors-1.0.0.tgz#cb5bdc74ff3f51892236eaf79d68bc44564ab81c"
  integrity sha512-1fygroTLlHu66zi26VoTDv8yRgm0Fccecssto+MhsZ0D/DGW2sm8E8AjW7NU5VVTRt5GxbeZ5qBuJr+HyLYkjQ==

picomatch@^2.0.4, picomatch@^2.2.1:
  version "2.3.1"
  resolved "https://registry.yarnpkg.com/picomatch/-/picomatch-2.3.1.tgz#3ba3833733646d9d3e4995946c1365a67fb07a42"
  integrity sha512-JU3teHTNjmE2VCGFzuY8EXzCDVwEqB2a8fsIvwaStHhAWJEeVd1o1QD80CU6+ZdEXXSLbSsuLwJjkCBWqRQUVA==

postcss-attribute-case-insensitive@^6.0.0:
  version "6.0.2"
  resolved "https://registry.yarnpkg.com/postcss-attribute-case-insensitive/-/postcss-attribute-case-insensitive-6.0.2.tgz#e843091859323342e461878d201ee70278809e01"
  integrity sha512-IRuCwwAAQbgaLhxQdQcIIK0dCVXg3XDUnzgKD8iwdiYdwU4rMWRWyl/W9/0nA4ihVpq5pyALiHB2veBJ0292pw==
  dependencies:
    postcss-selector-parser "^6.0.10"

postcss-clamp@^4.1.0:
  version "4.1.0"
  resolved "https://registry.yarnpkg.com/postcss-clamp/-/postcss-clamp-4.1.0.tgz#7263e95abadd8c2ba1bd911b0b5a5c9c93e02363"
  integrity sha512-ry4b1Llo/9zz+PKC+030KUnPITTJAHeOwjfAyyB60eT0AorGLdzp52s31OsPRHRf8NchkgFoG2y6fCfn1IV1Ow==
  dependencies:
    postcss-value-parser "^4.2.0"

postcss-color-functional-notation@^5.0.0:
  version "5.0.2"
  resolved "https://registry.yarnpkg.com/postcss-color-functional-notation/-/postcss-color-functional-notation-5.0.2.tgz#6d03c928aa3a13487703af86c301bdcd501e7430"
  integrity sha512-M6ygxWOyd6eWf3sd1Lv8xi4SeF4iBPfJvkfMU4ITh8ExJc1qhbvh/U8Cv/uOvBgUVOMDdScvCdlg8+hREQzs7w==
  dependencies:
    postcss-value-parser "^4.2.0"

postcss-color-hex-alpha@^9.0.0:
  version "9.0.2"
  resolved "https://registry.yarnpkg.com/postcss-color-hex-alpha/-/postcss-color-hex-alpha-9.0.2.tgz#6d3ed50342802469880981a1999515d003ff7d79"
  integrity sha512-SfPjgr//VQ/DOCf80STIAsdAs7sbIbxATvVmd+Ec7JvR8onz9pjawhq3BJM3Pie40EE3TyB0P6hft16D33Nlyg==
  dependencies:
    postcss-value-parser "^4.2.0"

postcss-color-rebeccapurple@^8.0.0:
  version "8.0.2"
  resolved "https://registry.yarnpkg.com/postcss-color-rebeccapurple/-/postcss-color-rebeccapurple-8.0.2.tgz#c0f2dcf1ef4dd393314920aa181cca8c390a2648"
  integrity sha512-xWf/JmAxVoB5bltHpXk+uGRoGFwu4WDAR7210el+iyvTdqiKpDhtcT8N3edXMoVJY0WHFMrKMUieql/wRNiXkw==
  dependencies:
    postcss-value-parser "^4.2.0"

postcss-custom-media@^9.1.0:
  version "9.1.2"
  resolved "https://registry.yarnpkg.com/postcss-custom-media/-/postcss-custom-media-9.1.2.tgz#0e9c34b0b5325edc2c5f42f47543cb64d777764b"
  integrity sha512-osM9g4UKq4XKimAC7RAXroqi3BXpxfwTswAJQiZdrBjWGFGEyxQrY5H2eDWI8F+MEvEUfYDxA8scqi3QWROCSw==
  dependencies:
    "@csstools/cascade-layer-name-parser" "^1.0.0"
    "@csstools/css-parser-algorithms" "^2.0.0"
    "@csstools/css-tokenizer" "^2.0.0"
    "@csstools/media-query-list-parser" "^2.0.0"

postcss-custom-properties@^13.1.0:
  version "13.1.3"
  resolved "https://registry.yarnpkg.com/postcss-custom-properties/-/postcss-custom-properties-13.1.3.tgz#bee287086290cb03958c223576dc8fe81d0aa253"
  integrity sha512-15equAsfqtnr7jyzes6vyaGdAiNmKd+50FZ35/E/huBNBt7PgGMSNL/4o765nnNoP2dmaMJklb3FwJf3fdRcpA==
  dependencies:
    "@csstools/cascade-layer-name-parser" "^1.0.0"
    "@csstools/css-parser-algorithms" "^2.0.0"
    "@csstools/css-tokenizer" "^2.0.0"
    postcss-value-parser "^4.2.0"

postcss-custom-selectors@^7.1.0:
  version "7.1.2"
  resolved "https://registry.yarnpkg.com/postcss-custom-selectors/-/postcss-custom-selectors-7.1.2.tgz#e100e9dd628d969a651d7d310cdfd25b27b58d4b"
  integrity sha512-jX7VlE3jrgfBIOfxiGNRFq81xUoHSZhvxhQurzE7ZFRv+bUmMwB7/XnA0nNlts2CwNtbXm4Ozy0ZAYKHlCRmBQ==
  dependencies:
    "@csstools/cascade-layer-name-parser" "^1.0.0"
    "@csstools/css-parser-algorithms" "^2.0.0"
    "@csstools/css-tokenizer" "^2.0.0"
    postcss-selector-parser "^6.0.4"

postcss-dir-pseudo-class@^7.0.0:
  version "7.0.2"
  resolved "https://registry.yarnpkg.com/postcss-dir-pseudo-class/-/postcss-dir-pseudo-class-7.0.2.tgz#71618b7eb4abe067845d11b3c8f322760c9b3e88"
  integrity sha512-cMnslilYxBf9k3qejnovrUONZx1rXeUZJw06fgIUBzABJe3D2LiLL5WAER7Imt3nrkaIgG05XZBztueLEf5P8w==
  dependencies:
    postcss-selector-parser "^6.0.10"

postcss-double-position-gradients@^4.0.0:
  version "4.0.2"
  resolved "https://registry.yarnpkg.com/postcss-double-position-gradients/-/postcss-double-position-gradients-4.0.2.tgz#855a23201f26be447210504e9b668429cbf4640c"
  integrity sha512-GXL1RmFREDK4Q9aYvI2RhVrA6a6qqSMQQ5ke8gSH1xgV6exsqbcJpIumC7AOgooH6/WIG3/K/T8xxAiVHy/tJg==
  dependencies:
    "@csstools/postcss-progressive-custom-properties" "^2.0.0"
    postcss-value-parser "^4.2.0"

postcss-focus-visible@^8.0.0:
  version "8.0.2"
  resolved "https://registry.yarnpkg.com/postcss-focus-visible/-/postcss-focus-visible-8.0.2.tgz#a7ac26ffe3e9c2bd17d7200d75e2d79ee8110891"
  integrity sha512-f/Vd+EC/GaKElknU59esVcRYr/Y3t1ZAQyL4u2xSOgkDy4bMCmG7VP5cGvj3+BTLNE9ETfEuz2nnt4qkZwTTeA==
  dependencies:
    postcss-selector-parser "^6.0.10"

postcss-focus-within@^7.0.0:
  version "7.0.2"
  resolved "https://registry.yarnpkg.com/postcss-focus-within/-/postcss-focus-within-7.0.2.tgz#5d2c866030e66ed22b204c9506de640943310b1c"
  integrity sha512-AHAJ89UQBcqBvFgQJE9XasGuwMNkKsGj4D/f9Uk60jFmEBHpAL14DrnSk3Rj+SwZTr/WUG+mh+Rvf8fid/346w==
  dependencies:
    postcss-selector-parser "^6.0.10"

postcss-font-variant@^5.0.0:
  version "5.0.0"
  resolved "https://registry.yarnpkg.com/postcss-font-variant/-/postcss-font-variant-5.0.0.tgz#efd59b4b7ea8bb06127f2d031bfbb7f24d32fa66"
  integrity sha512-1fmkBaCALD72CK2a9i468mA/+tr9/1cBxRRMXOUaZqO43oWPR5imcyPjXwuv7PXbCid4ndlP5zWhidQVVa3hmA==

postcss-gap-properties@^4.0.0:
  version "4.0.1"
  resolved "https://registry.yarnpkg.com/postcss-gap-properties/-/postcss-gap-properties-4.0.1.tgz#0347d6a84a46bfbe88bedc542cc4b354e04a8338"
  integrity sha512-V5OuQGw4lBumPlwHWk/PRfMKjaq/LTGR4WDTemIMCaMevArVfCCA9wBJiL1VjDAd+rzuCIlkRoRvDsSiAaZ4Fg==

postcss-image-set-function@^5.0.0:
  version "5.0.2"
  resolved "https://registry.yarnpkg.com/postcss-image-set-function/-/postcss-image-set-function-5.0.2.tgz#088e0f535f43e74d6ea8033ff7b0482e2735ea6e"
  integrity sha512-Sszjwo0ubETX0Fi5MvpYzsONwrsjeabjMoc5YqHvURFItXgIu3HdCjcVuVKGMPGzKRhgaknmdM5uVWInWPJmeg==
  dependencies:
    postcss-value-parser "^4.2.0"

postcss-initial@^4.0.1:
  version "4.0.1"
  resolved "https://registry.yarnpkg.com/postcss-initial/-/postcss-initial-4.0.1.tgz#529f735f72c5724a0fb30527df6fb7ac54d7de42"
  integrity sha512-0ueD7rPqX8Pn1xJIjay0AZeIuDoF+V+VvMt/uOnn+4ezUKhZM/NokDeP6DwMNyIoYByuN/94IQnt5FEkaN59xQ==

postcss-lab-function@^5.0.0:
  version "5.1.0"
  resolved "https://registry.yarnpkg.com/postcss-lab-function/-/postcss-lab-function-5.1.0.tgz#ed3822feb0f7ff229e6d185929583b16861f7753"
  integrity sha512-iZApRTNcpc71uTn7PkzjHtj5cmuZpvu6okX4jHnM5OFi2fG97sodjxkq6SpL65xhW0NviQrAMSX97ntyGVRV0w==
  dependencies:
    "@csstools/color-helpers" "^1.0.0"
    "@csstools/postcss-progressive-custom-properties" "^2.0.0"
    postcss-value-parser "^4.2.0"

postcss-logical@^6.0.0:
  version "6.1.0"
  resolved "https://registry.yarnpkg.com/postcss-logical/-/postcss-logical-6.1.0.tgz#c33ae75d3edaea7eb821e76dc4e6d0ecedc3200d"
  integrity sha512-qb1+LpClhYjxac8SfOcWotnY3unKZesDqIOm+jnGt8rTl7xaIWpE2bPGZHxflOip1E/4ETo79qlJyRL3yrHn1g==
  dependencies:
    postcss-value-parser "^4.2.0"

postcss-media-minmax@^5.0.0:
  version "5.0.0"
  resolved "https://registry.yarnpkg.com/postcss-media-minmax/-/postcss-media-minmax-5.0.0.tgz#7140bddec173e2d6d657edbd8554a55794e2a5b5"
  integrity sha512-yDUvFf9QdFZTuCUg0g0uNSHVlJ5X1lSzDZjPSFaiCWvjgsvu8vEVxtahPrLMinIDEEGnx6cBe6iqdx5YWz08wQ==

postcss-nesting@^11.0.0:
  version "11.2.1"
  resolved "https://registry.yarnpkg.com/postcss-nesting/-/postcss-nesting-11.2.1.tgz#260806f20971c82700d327468b49d1c1b44f1790"
  integrity sha512-E6Jq74Jo/PbRAtZioON54NPhUNJYxVWhwxbweYl1vAoBYuGlDIts5yhtKiZFLvkvwT73e/9nFrW3oMqAtgG+GQ==
  dependencies:
    "@csstools/selector-specificity" "^2.0.0"
    postcss-selector-parser "^6.0.10"

postcss-opacity-percentage@^1.1.3:
  version "1.1.3"
  resolved "https://registry.yarnpkg.com/postcss-opacity-percentage/-/postcss-opacity-percentage-1.1.3.tgz#5b89b35551a556e20c5d23eb5260fbfcf5245da6"
  integrity sha512-An6Ba4pHBiDtyVpSLymUUERMo2cU7s+Obz6BTrS+gxkbnSBNKSuD0AVUc+CpBMrpVPKKfoVz0WQCX+Tnst0i4A==

postcss-overflow-shorthand@^4.0.0:
  version "4.0.1"
  resolved "https://registry.yarnpkg.com/postcss-overflow-shorthand/-/postcss-overflow-shorthand-4.0.1.tgz#cb61ca24d8c4e1dbf14d85181b017cfa6953aa34"
  integrity sha512-HQZ0qi/9iSYHW4w3ogNqVNr2J49DHJAl7r8O2p0Meip38jsdnRPgiDW7r/LlLrrMBMe3KHkvNtAV2UmRVxzLIg==
  dependencies:
    postcss-value-parser "^4.2.0"

postcss-page-break@^3.0.4:
  version "3.0.4"
  resolved "https://registry.yarnpkg.com/postcss-page-break/-/postcss-page-break-3.0.4.tgz#7fbf741c233621622b68d435babfb70dd8c1ee5f"
  integrity sha512-1JGu8oCjVXLa9q9rFTo4MbeeA5FMe00/9C7lN4va606Rdb+HkxXtXsmEDrIraQ11fGz/WvKWa8gMuCKkrXpTsQ==

postcss-place@^8.0.0:
  version "8.0.1"
  resolved "https://registry.yarnpkg.com/postcss-place/-/postcss-place-8.0.1.tgz#408d7a27e99192df51c95fe62a3a34def62aa66a"
  integrity sha512-Ow2LedN8sL4pq8ubukO77phSVt4QyCm35ZGCYXKvRFayAwcpgB0sjNJglDoTuRdUL32q/ZC1VkPBo0AOEr4Uiw==
  dependencies:
    postcss-value-parser "^4.2.0"

postcss-preset-env@^8.0.1:
  version "8.0.1"
  resolved "https://registry.yarnpkg.com/postcss-preset-env/-/postcss-preset-env-8.0.1.tgz#d249c137febc037dd5dbb97e18f94dba4dd0cda8"
  integrity sha512-IUbymw0JlUbyVG+I85963PNWgPp3KhnFa1sxU7M/2dGthxV8e297P0VV5W9XcyypoH4hirH2fp1c6fmqh6YnSg==
  dependencies:
    "@csstools/postcss-cascade-layers" "^3.0.0"
    "@csstools/postcss-color-function" "^2.0.0"
    "@csstools/postcss-font-format-keywords" "^2.0.0"
    "@csstools/postcss-hwb-function" "^2.0.0"
    "@csstools/postcss-ic-unit" "^2.0.0"
    "@csstools/postcss-is-pseudo-class" "^3.0.0"
    "@csstools/postcss-logical-float-and-clear" "^1.0.0"
    "@csstools/postcss-logical-resize" "^1.0.0"
    "@csstools/postcss-logical-viewport-units" "^1.0.0"
    "@csstools/postcss-media-queries-aspect-ratio-number-values" "^1.0.0"
    "@csstools/postcss-nested-calc" "^2.0.0"
    "@csstools/postcss-normalize-display-values" "^2.0.0"
    "@csstools/postcss-oklab-function" "^2.0.0"
    "@csstools/postcss-progressive-custom-properties" "^2.0.0"
    "@csstools/postcss-scope-pseudo-class" "^2.0.0"
    "@csstools/postcss-stepped-value-functions" "^2.0.0"
    "@csstools/postcss-text-decoration-shorthand" "^2.0.0"
    "@csstools/postcss-trigonometric-functions" "^2.0.0"
    "@csstools/postcss-unset-value" "^2.0.0"
    autoprefixer "^10.4.13"
    browserslist "^4.21.4"
    css-blank-pseudo "^5.0.0"
    css-has-pseudo "^5.0.0"
    css-prefers-color-scheme "^8.0.0"
    cssdb "^7.4.0"
    postcss-attribute-case-insensitive "^6.0.0"
    postcss-clamp "^4.1.0"
    postcss-color-functional-notation "^5.0.0"
    postcss-color-hex-alpha "^9.0.0"
    postcss-color-rebeccapurple "^8.0.0"
    postcss-custom-media "^9.1.0"
    postcss-custom-properties "^13.1.0"
    postcss-custom-selectors "^7.1.0"
    postcss-dir-pseudo-class "^7.0.0"
    postcss-double-position-gradients "^4.0.0"
    postcss-focus-visible "^8.0.0"
    postcss-focus-within "^7.0.0"
    postcss-font-variant "^5.0.0"
    postcss-gap-properties "^4.0.0"
    postcss-image-set-function "^5.0.0"
    postcss-initial "^4.0.1"
    postcss-lab-function "^5.0.0"
    postcss-logical "^6.0.0"
    postcss-media-minmax "^5.0.0"
    postcss-nesting "^11.0.0"
    postcss-opacity-percentage "^1.1.3"
    postcss-overflow-shorthand "^4.0.0"
    postcss-page-break "^3.0.4"
    postcss-place "^8.0.0"
    postcss-pseudo-class-any-link "^8.0.0"
    postcss-replace-overflow-wrap "^4.0.0"
    postcss-selector-not "^7.0.0"
    postcss-value-parser "^4.2.0"

postcss-pseudo-class-any-link@^8.0.0:
  version "8.0.2"
  resolved "https://registry.yarnpkg.com/postcss-pseudo-class-any-link/-/postcss-pseudo-class-any-link-8.0.2.tgz#f5738503f2045de0c4dc216eca99bd835f74e42e"
  integrity sha512-FYTIuRE07jZ2CW8POvctRgArQJ43yxhr5vLmImdKUvjFCkR09kh8pIdlCwdx/jbFm7MiW4QP58L4oOUv3grQYA==
  dependencies:
    postcss-selector-parser "^6.0.10"

postcss-replace-overflow-wrap@^4.0.0:
  version "4.0.0"
  resolved "https://registry.yarnpkg.com/postcss-replace-overflow-wrap/-/postcss-replace-overflow-wrap-4.0.0.tgz#d2df6bed10b477bf9c52fab28c568b4b29ca4319"
  integrity sha512-KmF7SBPphT4gPPcKZc7aDkweHiKEEO8cla/GjcBK+ckKxiZslIu3C4GCRW3DNfL0o7yW7kMQu9xlZ1kXRXLXtw==

postcss-selector-not@^7.0.0:
  version "7.0.1"
  resolved "https://registry.yarnpkg.com/postcss-selector-not/-/postcss-selector-not-7.0.1.tgz#8142e90c8eb6c8c5faecb3e9d96d4353d02e94fb"
  integrity sha512-1zT5C27b/zeJhchN7fP0kBr16Cc61mu7Si9uWWLoA3Px/D9tIJPKchJCkUH3tPO5D0pCFmGeApAv8XpXBQJ8SQ==
  dependencies:
    postcss-selector-parser "^6.0.10"

postcss-selector-parser@^6.0.10, postcss-selector-parser@^6.0.4:
  version "6.0.11"
  resolved "https://registry.yarnpkg.com/postcss-selector-parser/-/postcss-selector-parser-6.0.11.tgz#2e41dc39b7ad74046e1615185185cd0b17d0c8dc"
  integrity sha512-zbARubNdogI9j7WY4nQJBiNqQf3sLS3wCP4WfOidu+p28LofJqDH1tcXypGrcmMHhDk2t9wGhCsYe/+szLTy1g==
  dependencies:
    cssesc "^3.0.0"
    util-deprecate "^1.0.2"

postcss-value-parser@^4.2.0:
  version "4.2.0"
  resolved "https://registry.yarnpkg.com/postcss-value-parser/-/postcss-value-parser-4.2.0.tgz#723c09920836ba6d3e5af019f92bc0971c02e514"
  integrity sha512-1NNCs6uurfkVbeXG4S8JFT9t19m45ICnif8zWLd5oPSZ50QnwMfK+H3jv408d4jw/7Bttv5axS5IiHoLaVNHeQ==

postcss@^8.4.21:
  version "8.4.21"
  resolved "https://registry.yarnpkg.com/postcss/-/postcss-8.4.21.tgz#c639b719a57efc3187b13a1d765675485f4134f4"
  integrity sha512-tP7u/Sn/dVxK2NnruI4H9BG+x+Wxz6oeZ1cJ8P6G/PZY0IKk4k/63TDsQf2kQq3+qoJeLm2kIBUNlZe3zgb4Zg==
  dependencies:
    nanoid "^3.3.4"
    picocolors "^1.0.0"
    source-map-js "^1.0.2"

readdirp@~3.6.0:
  version "3.6.0"
  resolved "https://registry.yarnpkg.com/readdirp/-/readdirp-3.6.0.tgz#74a370bd857116e245b29cc97340cd431a02a6c7"
  integrity sha512-hOS089on8RduqdbhvQ5Z37A0ESjsqz6qnRcffsMU3495FuTdqSm+7bhJ29JvIOsBDEEnan5DPu9t3To9VRlMzA==
  dependencies:
    picomatch "^2.2.1"

resolve@^1.22.1:
  version "1.22.1"
  resolved "https://registry.yarnpkg.com/resolve/-/resolve-1.22.1.tgz#27cb2ebb53f91abb49470a928bba7558066ac177"
  integrity sha512-nBpuuYuY5jFsli/JIs1oldw6fOQCBioohqWZg/2hiaOybXOft4lonv85uDOKXdf8rhyK159cxU5cDcK/NKk8zw==
  dependencies:
    is-core-module "^2.9.0"
    path-parse "^1.0.7"
    supports-preserve-symlinks-flag "^1.0.0"

sass@^1.58.3:
  version "1.58.3"
  resolved "https://registry.yarnpkg.com/sass/-/sass-1.58.3.tgz#2348cc052061ba4f00243a208b09c40e031f270d"
  integrity sha512-Q7RaEtYf6BflYrQ+buPudKR26/lH+10EmO9bBqbmPh/KeLqv8bjpTNqxe71ocONqXq+jYiCbpPUmQMS+JJPk4A==
  dependencies:
    chokidar ">=3.0.0 <4.0.0"
    immutable "^4.0.0"
    source-map-js ">=0.6.2 <2.0.0"

"source-map-js@>=0.6.2 <2.0.0", source-map-js@^1.0.2:
  version "1.0.2"
  resolved "https://registry.yarnpkg.com/source-map-js/-/source-map-js-1.0.2.tgz#adbc361d9c62df380125e7f161f71c826f1e490c"
  integrity sha512-R0XvVJ9WusLiqTCEiGCmICCMplcCkIwwR11mOSD9CR5u+IXYdiseeEuXCVAjS54zqwkLcPNnmU4OeJ6tUrWhDw==

supports-preserve-symlinks-flag@^1.0.0:
  version "1.0.0"
  resolved "https://registry.yarnpkg.com/supports-preserve-symlinks-flag/-/supports-preserve-symlinks-flag-1.0.0.tgz#6eda4bd344a3c94aea376d4cc31bc77311039e09"
  integrity sha512-ot0WnXS9fgdkgIcePe6RHNk1WA8+muPa6cSjeR3V8K27q9BB1rTE3R1p7Hv0z1ZyAc8s6Vvv8DIyWf681MAt0w==

to-regex-range@^5.0.1:
  version "5.0.1"
  resolved "https://registry.yarnpkg.com/to-regex-range/-/to-regex-range-5.0.1.tgz#1648c44aae7c8d988a326018ed72f5b4dd0392e4"
  integrity sha512-65P7iz6X5yEr1cwcgvQxbbIw7Uk3gOy5dIdtZ4rDveLqhrdJP+Li/Hx6tyK0NEb+2GCyneCMJiGqrADCSNk8sQ==
  dependencies:
    is-number "^7.0.0"

update-browserslist-db@^1.0.10:
  version "1.0.10"
  resolved "https://registry.yarnpkg.com/update-browserslist-db/-/update-browserslist-db-1.0.10.tgz#0f54b876545726f17d00cd9a2561e6dade943ff3"
  integrity sha512-OztqDenkfFkbSG+tRxBeAnCVPckDBcvibKd35yDONx6OU8N7sqgwc7rCbkJ/WcYtVRZ4ba68d6byhC21GFh7sQ==
  dependencies:
    escalade "^3.1.1"
    picocolors "^1.0.0"

util-deprecate@^1.0.2:
  version "1.0.2"
  resolved "https://registry.yarnpkg.com/util-deprecate/-/util-deprecate-1.0.2.tgz#450d4dc9fa70de732762fbd2d4a28981419a0ccf"
  integrity sha512-EPD5q1uXyFxJpCrLnCc1nHnq3gOa6DZBocAIiI2TaSCA7VCJ1UJDMagCzIkXNsUYfD1daK//LTEQ8xiIbrHtcw==
